
Microsoft Visual Studio Solution File, Format Version 12.00
# Visual Studio 15
VisualStudioVersion = 15.0.28010.2046
MinimumVisualStudioVersion = 10.0.40219.1
Project("{FAE04EC0-301F-11D3-BF4B-00C04F79EFBC}") = "Simple MySQL Manager", "Simple MySQL Manager\Simple MySQL Manager.csproj", "{EC2839D3-B50F-4D5B-B2BA-E60D2F61C267}"
EndProject
Project("{2150E333-8FDC-42A3-9474-1A3956D46DE8}") = "Solution Items", "Solution Items", "{7E8FE416-0DE9-4ED5-8159-3BEFDE6CF4FD}"
	ProjectSection(SolutionItems) = preProject
		.gitignore = .gitignore
		README.md = README.md
	EndProjectSection
EndProject
Global
	GlobalSection(SolutionConfigurationPlatforms) = preSolution
		Debug|Any CPU = Debug|Any CPU
		Release|Any CPU = Release|Any CPU
	EndGlobalSection
	GlobalSection(ProjectConfigurationPlatforms) = postSolution
		{EC2839D3-B50F-4D5B-B2BA-E60D2F61C267}.Debug|Any CPU.ActiveCfg = Debug|Any CPU
		{EC2839D3-B50F-4D5B-B2BA-E60D2F61C267}.Debug|Any CPU.Build.0 = Debug|Any CPU
		{EC2839D3-B50F-4D5B-B2BA-E60D2F61C267}.Release|Any CPU.ActiveCfg = Release|Any CPU
		{EC2839D3-B50F-4D5B-B2BA-E60D2F61C267}.Release|Any CPU.Build.0 = Release|Any CPU
	EndGlobalSection
	GlobalSection(SolutionProperties) = preSolution
		HideSolutionNode = FALSE
	EndGlobalSection
	GlobalSection(ExtensibilityGlobals) = postSolution
		SolutionGuid = {4B3B99DD-3643-46B5-ADDE-DD15A7AAA3E6}
	EndGlobalSection
EndGlobal
